
Microsoft Visual Studio Solution File, Format Version 11.00
# Visual Studio 2010
Project("{FAE04EC0-301F-11D3-BF4B-00C04F79EFBC}") = "CThru", "CThru\CThruEngine\CThru.csproj", "{48A528BD-5119-4B38-9EC0-3C3BB6081B96}"
EndProject
Project("{FAE04EC0-301F-11D3-BF4B-00C04F79EFBC}") = "CThru.Tests", "CThru.Tests\CThru.Tests.csproj", "{62D46F94-97BB-4BF2-A14E-975EC628B418}"
EndProject
Global
	GlobalSection(SolutionConfigurationPlatforms) = preSolution
		Debug|Any CPU = Debug|Any CPU
		Release|Any CPU = Release|Any CPU
	EndGlobalSection
	GlobalSection(ProjectConfigurationPlatforms) = postSolution
		{48A528BD-5119-4B38-9EC0-3C3BB6081B96}.Debug|Any CPU.ActiveCfg = Debug|Any CPU
		{48A528BD-5119-4B38-9EC0-3C3BB6081B96}.Debug|Any CPU.Build.0 = Debug|Any CPU
		{48A528BD-5119-4B38-9EC0-3C3BB6081B96}.Release|Any CPU.ActiveCfg = Release|Any CPU
		{48A528BD-5119-4B38-9EC0-3C3BB6081B96}.Release|Any CPU.Build.0 = Release|Any CPU
		{62D46F94-97BB-4BF2-A14E-975EC628B418}.Debug|Any CPU.ActiveCfg = Debug|Any CPU
		{62D46F94-97BB-4BF2-A14E-975EC628B418}.Debug|Any CPU.Build.0 = Debug|Any CPU
		{62D46F94-97BB-4BF2-A14E-975EC628B418}.Release|Any CPU.ActiveCfg = Release|Any CPU
		{62D46F94-97BB-4BF2-A14E-975EC628B418}.Release|Any CPU.Build.0 = Release|Any CPU
	EndGlobalSection
	GlobalSection(SolutionProperties) = preSolution
		HideSolutionNode = FALSE
	EndGlobalSection
	GlobalSection(ExtensibilityGlobals) = postSolution
		VisualSVNWorkingCopyRoot = .
	EndGlobalSection
EndGlobal
