
Microsoft Visual Studio Solution File, Format Version 10.00
# Visual Studio 2008
Project("{FAE04EC0-301F-11D3-BF4B-00C04F79EFBC}") = "EventsHelper", "SilverUnit\SilverUnit\EventsHelper\EventsHelper.csproj", "{15675652-BD5C-464C-A10D-75FC3D78B057}"
EndProject
Project("{F184B08F-C81C-45F6-A57F-5ABD9991F28F}") = "CThru.SilverUnit", "SilverUnit\SilverUnit\SilverUnit\CThru.SilverUnit.vbproj", "{5F6CE4F7-0962-4D7D-93FF-7C5DA7615A41}"
EndProject
Project("{2150E333-8FDC-42A3-9474-1A3956D46DE8}") = "SilverUnit.ExampleTests", "SilverUnit.ExampleTests", "{DD668C78-6AF5-43B0-BA94-EC65BCFEDBA0}"
EndProject
Project("{FAE04EC0-301F-11D3-BF4B-00C04F79EFBC}") = "ControlsUnderTest", "SilverUnit\SilverUnit.ExampleTests\ControlsUnderTest\ControlsUnderTest.csproj", "{BDC7605E-4B2E-41B8-A5F6-4FBFD7651AC9}"
EndProject
Project("{FAE04EC0-301F-11D3-BF4B-00C04F79EFBC}") = "ControlTests.CS", "SilverUnit\SilverUnit.ExampleTests\ControlTests.CS\ControlTests.CS.csproj", "{A686A2BE-33F5-4A4A-B148-EB3D0DD17EED}"
EndProject
Project("{F184B08F-C81C-45F6-A57F-5ABD9991F28F}") = "ControlTests.VB", "SilverUnit\SilverUnit.ExampleTests\ControlTests.VB\ControlTests.VB.vbproj", "{3609AA7F-BDAA-43B6-9545-F0DF959587C9}"
EndProject
Global
	GlobalSection(SolutionConfigurationPlatforms) = preSolution
		Debug|Any CPU = Debug|Any CPU
		Release|Any CPU = Release|Any CPU
	EndGlobalSection
	GlobalSection(ProjectConfigurationPlatforms) = postSolution
		{15675652-BD5C-464C-A10D-75FC3D78B057}.Debug|Any CPU.ActiveCfg = Debug|Any CPU
		{15675652-BD5C-464C-A10D-75FC3D78B057}.Debug|Any CPU.Build.0 = Debug|Any CPU
		{15675652-BD5C-464C-A10D-75FC3D78B057}.Release|Any CPU.ActiveCfg = Release|Any CPU
		{15675652-BD5C-464C-A10D-75FC3D78B057}.Release|Any CPU.Build.0 = Release|Any CPU
		{5F6CE4F7-0962-4D7D-93FF-7C5DA7615A41}.Debug|Any CPU.ActiveCfg = Debug|Any CPU
		{5F6CE4F7-0962-4D7D-93FF-7C5DA7615A41}.Debug|Any CPU.Build.0 = Debug|Any CPU
		{5F6CE4F7-0962-4D7D-93FF-7C5DA7615A41}.Release|Any CPU.ActiveCfg = Release|Any CPU
		{5F6CE4F7-0962-4D7D-93FF-7C5DA7615A41}.Release|Any CPU.Build.0 = Release|Any CPU
		{BDC7605E-4B2E-41B8-A5F6-4FBFD7651AC9}.Debug|Any CPU.ActiveCfg = Debug|Any CPU
		{BDC7605E-4B2E-41B8-A5F6-4FBFD7651AC9}.Debug|Any CPU.Build.0 = Debug|Any CPU
		{BDC7605E-4B2E-41B8-A5F6-4FBFD7651AC9}.Release|Any CPU.ActiveCfg = Release|Any CPU
		{BDC7605E-4B2E-41B8-A5F6-4FBFD7651AC9}.Release|Any CPU.Build.0 = Release|Any CPU
		{A686A2BE-33F5-4A4A-B148-EB3D0DD17EED}.Debug|Any CPU.ActiveCfg = Debug|Any CPU
		{A686A2BE-33F5-4A4A-B148-EB3D0DD17EED}.Debug|Any CPU.Build.0 = Debug|Any CPU
		{A686A2BE-33F5-4A4A-B148-EB3D0DD17EED}.Release|Any CPU.ActiveCfg = Release|Any CPU
		{A686A2BE-33F5-4A4A-B148-EB3D0DD17EED}.Release|Any CPU.Build.0 = Release|Any CPU
		{3609AA7F-BDAA-43B6-9545-F0DF959587C9}.Debug|Any CPU.ActiveCfg = Debug|Any CPU
		{3609AA7F-BDAA-43B6-9545-F0DF959587C9}.Debug|Any CPU.Build.0 = Debug|Any CPU
		{3609AA7F-BDAA-43B6-9545-F0DF959587C9}.Release|Any CPU.ActiveCfg = Release|Any CPU
		{3609AA7F-BDAA-43B6-9545-F0DF959587C9}.Release|Any CPU.Build.0 = Release|Any CPU
	EndGlobalSection
	GlobalSection(SolutionProperties) = preSolution
		HideSolutionNode = FALSE
	EndGlobalSection
	GlobalSection(NestedProjects) = preSolution
		{BDC7605E-4B2E-41B8-A5F6-4FBFD7651AC9} = {DD668C78-6AF5-43B0-BA94-EC65BCFEDBA0}
		{A686A2BE-33F5-4A4A-B148-EB3D0DD17EED} = {DD668C78-6AF5-43B0-BA94-EC65BCFEDBA0}
		{3609AA7F-BDAA-43B6-9545-F0DF959587C9} = {DD668C78-6AF5-43B0-BA94-EC65BCFEDBA0}
	EndGlobalSection
EndGlobal
